{
  "version": 4,
  "terraform_version": "1.5.7",
  "serial": 4,
  "lineage": "8a6e7b8f-12a7-66a7-4c47-fc3ac235166a",
  "outputs": {
    "cluster_name": {
      "value": "hello-raj-cluster",
      "type": "string"
    }
  },
  "resources": [
    {
      "mode": "managed",
      "type": "google_container_cluster",
      "name": "primary",
      "provider": "provider[\"registry.terraform.io/hashicorp/google\"]",
      "instances": [
        {
          "schema_version": 1,
          "attributes": {
            "addons_config": [
              {
                "cloudrun_config": [],
                "config_connector_config": [],
                "dns_cache_config": [],
                "gce_persistent_disk_csi_driver_config": [
                  {
                    "enabled": true
                  }
                ],
                "gcp_filestore_csi_driver_config": [],
                "gcs_fuse_csi_driver_config": [],
                "gke_backup_agent_config": [],
                "horizontal_pod_autoscaling": [],
                "http_load_balancing": [],
                "network_policy_config": [
                  {
                    "disabled": true
                  }
                ]
              }
            ],
            "allow_net_admin": null,
            "authenticator_groups_config": [],
            "binary_authorization": [
              {
                "enabled": false,
                "evaluation_mode": ""
              }
            ],
            "cluster_autoscaling": [
              {
                "auto_provisioning_defaults": [],
                "enabled": false,
                "resource_limits": []
              }
            ],
            "cluster_ipv4_cidr": "10.0.0.0/14",
            "confidential_nodes": [],
            "cost_management_config": [],
            "database_encryption": [
              {
                "key_name": "",
                "state": "DECRYPTED"
              }
            ],
            "datapath_provider": "",
            "default_max_pods_per_node": null,
            "default_snat_status": [
              {
                "disabled": false
              }
            ],
            "description": "",
            "dns_config": [],
            "enable_autopilot": false,
            "enable_binary_authorization": false,
            "enable_intranode_visibility": false,
            "enable_k8s_beta_apis": [],
            "enable_kubernetes_alpha": false,
            "enable_l4_ilb_subsetting": false,
            "enable_legacy_abac": false,
            "enable_shielded_nodes": true,
            "enable_tpu": false,
            "endpoint": "35.222.76.4",
            "gateway_api_config": [],
            "id": "projects/groovy-momentum-450808-k2/locations/us-central1-a/clusters/hello-raj-cluster",
            "initial_node_count": 1,
            "ip_allocation_policy": [],
            "label_fingerprint": "a9dc16a7",
            "location": "us-central1-a",
            "logging_config": [
              {
                "enable_components": [
                  "SYSTEM_COMPONENTS",
                  "WORKLOADS"
                ]
              }
            ],
            "logging_service": "logging.googleapis.com/kubernetes",
            "maintenance_policy": [],
            "master_auth": [
              {
                "client_certificate": "",
                "client_certificate_config": [
                  {
                    "issue_client_certificate": false
                  }
                ],
                "client_key": "",
                "cluster_ca_certificate": "LS0tLS1CRUdJTiBDRVJUSUZJQ0FURS0tLS0tCk1JSUVMRENDQXBTZ0F3SUJBZ0lRVEpXbDQwbjVSb1hVVEJsaW93UU9xVEFOQmdrcWhraUc5dzBCQVFzRkFEQXYKTVMwd0t3WURWUVFERXlRM09Ua3dNR0ZrTWkwNFlUVmtMVFF6WW1RdFlqbGlZUzFsWlRKak5USXpZemt5TmpBdwpJQmNOTWpVd01qRXpNRGt3TlRRMFdoZ1BNakExTlRBeU1EWXhNREExTkRSYU1DOHhMVEFyQmdOVkJBTVRKRGM1Ck9UQXdZV1F5TFRoaE5XUXRORE5pWkMxaU9XSmhMV1ZsTW1NMU1qTmpPVEkyTURDQ0FhSXdEUVlKS29aSWh2Y04KQVFFQkJRQURnZ0dQQURDQ0FZb0NnZ0dCQU9MRnBOaXVLSW5SMEp1ZEhOK3A1c2xKbDRkMkpRR3VScE52RU9Sbwo2bWsvd0RrSE54ajZ2dkhHZDNOWGZDbUZyVXp6S0FJSFJzZ1QzMWhYZlhWa2ZCZk1uajRuTVVaLzlpM2lnTXdrCnpMMXNhWnc5UVE3dzQrUS9HM3pxeTF0WG9HanZmYUs1YTJGWm1hajRPYkVoK0llV09iOG9OVjk1ZzQxTmNuaW8KalY5andlMllieXV0YS82OUg3SzU2WEJGNjdabnN2UktIRHl3bEJ5RVdvYUNrOXlZMWVubGpYL0lXVU1Za2dOVgpXMnpoM0NPaVNTTWxJK1NJOWNiVTdJc3NFaXNoa2xCRXpWL0xJbjlsNlNyM3IzNER4Z001bnNSd01CVlRPdHJaCjVWVzhuZGsyZjhVZmljMXpHWmc0RnRKcnNvMWV0UGE2WnE0VlUwUWU0ZkVrdFBDY3lyQjUwU2tXZ2NqM1M2WGcKVmwrdVFQekJtZzZXMGtET0Q3TkNNMVNMTjczY3JBVmRGODZ2c0diWUFIVHdTNmJvVUJ5V29OOHZtcHJvRmVldApsdVBwOWI5TjRpRlJHaWxxZEZIVUN2WThrYUc3b0ZtL2V5Qk9mSW83Q3RIbnpCWkc3WGdodVJFZFEzOGE1UnozCnpWR283ckNOUFdFVVFhN0pZTkx6VjlCVGh3SURBUUFCbzBJd1FEQU9CZ05WSFE4QkFmOEVCQU1DQWdRd0R3WUQKVlIwVEFRSC9CQVV3QXdFQi96QWRCZ05WSFE0RUZnUVVMaUVFSk9tRWZYTnJDZlJDaTNVV08yV0dPOGt3RFFZSgpLb1pJaHZjTkFRRUxCUUFEZ2dHQkFGTWRWL3BHdVN6TjZWVFp3RFlFYm9pdEhwYjZvVUt2Q1FLTXlSNXlaZkpnCnZhR2d2NVI0TC95V2xnbGM1L0RlbDdnNEVZWFR0SkgrT0JtbG84M1U4UXNST1JUWW9zV1dvTGljRkxjOGlpdWcKKzRUMTRqV2QrTTNuemEzczF1SnFaZkM4bmtiL091RHlWdDhaUjcya1ZYVEJ4NlZTOFQvaDBCYUt5enJadWFQYgpWVmsyTUdPZVlYblVGb29KMWd5RmE2R25RK0xIT0ZHcHBBdlU3N0h2aFJXUTNpOWFtd3B3UTI0VjRLZllOUDgwCjQyQjNMRHNSUjBSZVNDblJqQ2dGb1RqMTd0M3luTE9vQ0J2dFd0bHV1SE13M2pKY05pUE5PRDdqUWF0dk5mMEYKd0pJRFZscXEzODUyNjdjWmNRR0FGM2s0OHRyLzRqOEZlWDc5azA5OS94VzBuNmhqS3hlZ09yWVVZTDFoSUMyaQpyc2g0VUxORW4vMnFGZTBaV3docUE3WWxlZmlYdTB4NEVHbVBETXZZdHdEUUd5NUxtUDZSdi9nMG1VK3EyOXQ5CnVxREtnMGFMcUxGeDMzNll2UkVKQjdJeGNhSVFJbnUxVk1JY2RSYm93cGtGa1VLMGlWbm1QMFJLelE2MUIwSTAKZzdoeGFDV3N3bUgvNCsxcWh3LzEwUT09Ci0tLS0tRU5EIENFUlRJRklDQVRFLS0tLS0K"
              }
            ],
            "master_authorized_networks_config": [],
            "master_version": "1.31.4-gke.1372000",
            "mesh_certificates": [],
            "min_master_version": null,
            "monitoring_config": [
              {
                "advanced_datapath_observability_config": [
                  {
                    "enable_metrics": false,
                    "relay_mode": ""
                  }
                ],
                "enable_components": [
                  "SYSTEM_COMPONENTS",
                  "STATEFULSET",
                  "STORAGE",
                  "HPA",
                  "POD",
                  "DAEMONSET",
                  "DEPLOYMENT",
                  "CADVISOR",
                  "KUBELET"
                ],
                "managed_prometheus": [
                  {
                    "enabled": true
                  }
                ]
              }
            ],
            "monitoring_service": "monitoring.googleapis.com/kubernetes",
            "name": "hello-raj-cluster",
            "network": "projects/groovy-momentum-450808-k2/global/networks/default",
            "network_policy": [
              {
                "enabled": false,
                "provider": "PROVIDER_UNSPECIFIED"
              }
            ],
            "networking_mode": "ROUTES",
            "node_config": [],
            "node_locations": [],
            "node_pool": [],
            "node_pool_auto_config": [],
            "node_pool_defaults": [
              {
                "node_config_defaults": [
                  {
                    "logging_variant": "DEFAULT"
                  }
                ]
              }
            ],
            "node_version": "1.31.4-gke.1372000",
            "notification_config": [
              {
                "pubsub": [
                  {
                    "enabled": false,
                    "filter": [],
                    "topic": ""
                  }
                ]
              }
            ],
            "operation": null,
            "private_cluster_config": [
              {
                "enable_private_endpoint": false,
                "enable_private_nodes": false,
                "master_global_access_config": [
                  {
                    "enabled": false
                  }
                ],
                "master_ipv4_cidr_block": "",
                "peering_name": "",
                "private_endpoint": "10.128.0.2",
                "private_endpoint_subnetwork": "",
                "public_endpoint": "35.222.76.4"
              }
            ],
            "private_ipv6_google_access": "",
            "project": "groovy-momentum-450808-k2",
            "release_channel": [
              {
                "channel": "REGULAR"
              }
            ],
            "remove_default_node_pool": true,
            "resource_labels": null,
            "resource_usage_export_config": [],
            "security_posture_config": [
              {
                "mode": "BASIC",
                "vulnerability_mode": "VULNERABILITY_MODE_UNSPECIFIED"
              }
            ],
            "self_link": "https://container.googleapis.com/v1/projects/groovy-momentum-450808-k2/zones/us-central1-a/clusters/hello-raj-cluster",
            "service_external_ips_config": [
              {
                "enabled": false
              }
            ],
            "services_ipv4_cidr": "10.3.240.0/20",
            "subnetwork": "projects/groovy-momentum-450808-k2/regions/us-central1/subnetworks/default",
            "timeouts": null,
            "tpu_ipv4_cidr_block": "",
            "vertical_pod_autoscaling": [],
            "workload_identity_config": []
          },
          "sensitive_attributes": [],
          "private": "eyJlMmJmYjczMC1lY2FhLTExZTYtOGY4OC0zNDM2M2JjN2M0YzAiOnsiY3JlYXRlIjoyNDAwMDAwMDAwMDAwLCJkZWxldGUiOjI0MDAwMDAwMDAwMDAsInJlYWQiOjI0MDAwMDAwMDAwMDAsInVwZGF0ZSI6MzYwMDAwMDAwMDAwMH0sInNjaGVtYV92ZXJzaW9uIjoiMSJ9"
        }
      ]
    },
    {
      "mode": "managed",
      "type": "google_container_node_pool",
      "name": "primary_nodes",
      "provider": "provider[\"registry.terraform.io/hashicorp/google\"]",
      "instances": [
        {
          "schema_version": 1,
          "attributes": {
            "autoscaling": [],
            "cluster": "hello-raj-cluster",
            "id": "projects/groovy-momentum-450808-k2/locations/us-central1-a/clusters/hello-raj-cluster/nodePools/primary-nodes",
            "initial_node_count": 1,
            "instance_group_urls": [
              "https://www.googleapis.com/compute/v1/projects/groovy-momentum-450808-k2/zones/us-central1-a/instanceGroupManagers/gke-hello-raj-cluster-primary-nodes-ad0f5e92-grp"
            ],
            "location": "us-central1-a",
            "managed_instance_group_urls": [
              "https://www.googleapis.com/compute/v1/projects/groovy-momentum-450808-k2/zones/us-central1-a/instanceGroups/gke-hello-raj-cluster-primary-nodes-ad0f5e92-grp"
            ],
            "management": [
              {
                "auto_repair": true,
                "auto_upgrade": true
              }
            ],
            "max_pods_per_node": null,
            "name": "primary-nodes",
            "name_prefix": "",
            "network_config": [],
            "node_config": [
              {
                "advanced_machine_features": [],
                "boot_disk_kms_key": "",
                "confidential_nodes": [],
                "disk_size_gb": 30,
                "disk_type": "pd-balanced",
                "ephemeral_storage_local_ssd_config": [],
                "fast_socket": [],
                "gcfs_config": [],
                "guest_accelerator": [],
                "gvnic": [],
                "host_maintenance_policy": [],
                "image_type": "COS_CONTAINERD",
                "kubelet_config": [
                  {
                    "cpu_cfs_quota": false,
                    "cpu_cfs_quota_period": "",
                    "cpu_manager_policy": "",
                    "pod_pids_limit": 0
                  }
                ],
                "labels": {},
                "linux_node_config": [],
                "local_nvme_ssd_block_config": [],
                "local_ssd_count": 0,
                "logging_variant": "DEFAULT",
                "machine_type": "e2-micro",
                "metadata": {
                  "disable-legacy-endpoints": "true"
                },
                "min_cpu_platform": "",
                "node_group": "",
                "oauth_scopes": [
                  "https://www.googleapis.com/auth/cloud-platform"
                ],
                "preemptible": false,
                "reservation_affinity": [],
                "resource_labels": {
                  "goog-gke-node-pool-provisioning-model": "on-demand"
                },
                "service_account": "default",
                "shielded_instance_config": [
                  {
                    "enable_integrity_monitoring": true,
                    "enable_secure_boot": false
                  }
                ],
                "sole_tenant_config": [],
                "spot": false,
                "tags": null,
                "taint": [],
                "workload_metadata_config": []
              }
            ],
            "node_count": 1,
            "node_locations": [
              "us-central1-a"
            ],
            "operation": null,
            "placement_policy": [],
            "project": "groovy-momentum-450808-k2",
            "timeouts": null,
            "upgrade_settings": [
              {
                "blue_green_settings": [],
                "max_surge": 1,
                "max_unavailable": 0,
                "strategy": "SURGE"
              }
            ],
            "version": "1.31.4-gke.1372000"
          },
          "sensitive_attributes": [],
          "private": "eyJlMmJmYjczMC1lY2FhLTExZTYtOGY4OC0zNDM2M2JjN2M0YzAiOnsiY3JlYXRlIjoxODAwMDAwMDAwMDAwLCJkZWxldGUiOjE4MDAwMDAwMDAwMDAsInVwZGF0ZSI6MTgwMDAwMDAwMDAwMH0sInNjaGVtYV92ZXJzaW9uIjoiMSJ9",
          "dependencies": [
            "google_container_cluster.primary"
          ]
        }
      ]
    }
  ],
  "check_results": null
}
